
Microsoft Visual Studio Solution File, Format Version 12.00
# Visual Studio Version 17
VisualStudioVersion = 17.2.32516.85
MinimumVisualStudioVersion = 10.0.40219.1
Project("{FAE04EC0-301F-11D3-BF4B-00C04F79EFBC}") = "TodoLibrary", "TodoLibrary\TodoLibrary.csproj", "{F5E85EC6-1BD6-452C-ADEF-FFB704C03C98}"
EndProject
Project("{FAE04EC0-301F-11D3-BF4B-00C04F79EFBC}") = "TodoApi", "TodoApi\TodoApi.csproj", "{2CC20B12-FC85-4794-A26C-05A4A66F69ED}"
EndProject
Global
	GlobalSection(SolutionConfigurationPlatforms) = preSolution
		Debug|Any CPU = Debug|Any CPU
		Release|Any CPU = Release|Any CPU
	EndGlobalSection
	GlobalSection(ProjectConfigurationPlatforms) = postSolution
		{F5E85EC6-1BD6-452C-ADEF-FFB704C03C98}.Debug|Any CPU.ActiveCfg = Debug|Any CPU
		{F5E85EC6-1BD6-452C-ADEF-FFB704C03C98}.Debug|Any CPU.Build.0 = Debug|Any CPU
		{F5E85EC6-1BD6-452C-ADEF-FFB704C03C98}.Release|Any CPU.ActiveCfg = Release|Any CPU
		{F5E85EC6-1BD6-452C-ADEF-FFB704C03C98}.Release|Any CPU.Build.0 = Release|Any CPU
		{2CC20B12-FC85-4794-A26C-05A4A66F69ED}.Debug|Any CPU.ActiveCfg = Debug|Any CPU
		{2CC20B12-FC85-4794-A26C-05A4A66F69ED}.Debug|Any CPU.Build.0 = Debug|Any CPU
		{2CC20B12-FC85-4794-A26C-05A4A66F69ED}.Release|Any CPU.ActiveCfg = Release|Any CPU
		{2CC20B12-FC85-4794-A26C-05A4A66F69ED}.Release|Any CPU.Build.0 = Release|Any CPU
	EndGlobalSection
	GlobalSection(SolutionProperties) = preSolution
		HideSolutionNode = FALSE
	EndGlobalSection
	GlobalSection(ExtensibilityGlobals) = postSolution
		SolutionGuid = {C0E98D31-87CD-4452-8767-A5BB01D9B866}
	EndGlobalSection
EndGlobal
